{
  "requires": true,
  "lockfileVersion": 1,
  "dependencies": {
    "marked": {
      "version": "15.0.4",
      "resolved": "https://registry.npmjs.org/marked/-/marked-15.0.4.tgz",
      "integrity": "sha512-TCHvDqmb3ZJ4PWG7VEGVgtefA5/euFmsIhxtD0XsBxI39gUSKL81mIRFdt0AiNQozUahd4ke98ZdirExd/vSEw=="
    }
  }
}
